
Microsoft Visual Studio Solution File, Format Version 12.00
# Visual Studio Version 16
VisualStudioVersion = 16.0.29613.14
MinimumVisualStudioVersion = 10.0.40219.1
Project("{8BC9CEB8-8B4A-11D0-8D11-00A0C91BC942}") = "HopefulLEDSoundVisualizer", "HopefulLEDSoundVisualizer\HopefulLEDSoundVisualizer.vcxproj", "{B67A57F9-E5DB-4AB1-AB75-4398776EA3E5}"
EndProject
Global
	GlobalSection(SolutionConfigurationPlatforms) = preSolution
		Debug|x64 = Debug|x64
		Debug|x86 = Debug|x86
		Release|x64 = Release|x64
		Release|x86 = Release|x86
	EndGlobalSection
	GlobalSection(ProjectConfigurationPlatforms) = postSolution
		{B67A57F9-E5DB-4AB1-AB75-4398776EA3E5}.Debug|x64.ActiveCfg = Debug|x64
		{B67A57F9-E5DB-4AB1-AB75-4398776EA3E5}.Debug|x64.Build.0 = Debug|x64
		{B67A57F9-E5DB-4AB1-AB75-4398776EA3E5}.Debug|x86.ActiveCfg = Debug|Win32
		{B67A57F9-E5DB-4AB1-AB75-4398776EA3E5}.Debug|x86.Build.0 = Debug|Win32
		{B67A57F9-E5DB-4AB1-AB75-4398776EA3E5}.Release|x64.ActiveCfg = Release|x64
		{B67A57F9-E5DB-4AB1-AB75-4398776EA3E5}.Release|x64.Build.0 = Release|x64
		{B67A57F9-E5DB-4AB1-AB75-4398776EA3E5}.Release|x86.ActiveCfg = Release|Win32
		{B67A57F9-E5DB-4AB1-AB75-4398776EA3E5}.Release|x86.Build.0 = Release|Win32
	EndGlobalSection
	GlobalSection(SolutionProperties) = preSolution
		HideSolutionNode = FALSE
	EndGlobalSection
	GlobalSection(ExtensibilityGlobals) = postSolution
		SolutionGuid = {398145C1-1CEF-418F-B3F3-D7D6F0BED0FE}
	EndGlobalSection
EndGlobal
